// !$*UTF8*$!
{
	archiveVersion = 1;
	classes = {
	};
	objectVersion = 56;
	objects = {

/* Begin PBXBuildFile section */
		3F01A8FD2B18CC6C0062BB7A /* ImageService.swift in Sources */ = {isa = PBXBuildFile; fileRef = 3F01A8FC2B18CC6C0062BB7A /* ImageService.swift */; };
		3F096CBE2B0D23ED002892CA /* RegistrationViewImp.xib in Resources */ = {isa = PBXBuildFile; fileRef = 3F096CBD2B0D23ED002892CA /* RegistrationViewImp.xib */; };
		3F096CC02B0F8841002892CA /* TabBarController.swift in Sources */ = {isa = PBXBuildFile; fileRef = 3F096CBF2B0F8841002892CA /* TabBarController.swift */; };
		3F096CC52B0F8943002892CA /* BaseNavigationController.swift in Sources */ = {isa = PBXBuildFile; fileRef = 3F096CC42B0F8943002892CA /* BaseNavigationController.swift */; };
		3F096CC82B0F9245002892CA /* SPIndicator in Frameworks */ = {isa = PBXBuildFile; productRef = 3F096CC72B0F9245002892CA /* SPIndicator */; };
		3F096CCB2B0F9531002892CA /* PKHUD in Frameworks */ = {isa = PBXBuildFile; productRef = 3F096CCA2B0F9531002892CA /* PKHUD */; };
		3F096CD02B10DD40002892CA /* SplashViewImp.xib in Resources */ = {isa = PBXBuildFile; fileRef = 3F096CCF2B10DD40002892CA /* SplashViewImp.xib */; };
		3F23073F2AE11A8F00D9223D /* AppDelegate.swift in Sources */ = {isa = PBXBuildFile; fileRef = 3F23073E2AE11A8F00D9223D /* AppDelegate.swift */; };
		3F2307412AE11A8F00D9223D /* SceneDelegate.swift in Sources */ = {isa = PBXBuildFile; fileRef = 3F2307402AE11A8F00D9223D /* SceneDelegate.swift */; };
		3F2307482AE11A9100D9223D /* Assets.xcassets in Resources */ = {isa = PBXBuildFile; fileRef = 3F2307472AE11A9100D9223D /* Assets.xcassets */; };
		3F23074B2AE11A9100D9223D /* LaunchScreen.storyboard in Resources */ = {isa = PBXBuildFile; fileRef = 3F2307492AE11A9100D9223D /* LaunchScreen.storyboard */; };
		3F4916622B1E0160008022D4 /* KeychainAccess in Frameworks */ = {isa = PBXBuildFile; productRef = 3F4916612B1E0160008022D4 /* KeychainAccess */; };
		3F4916642B1E0189008022D4 /* StorageManager.swift in Sources */ = {isa = PBXBuildFile; fileRef = 3F4916632B1E0189008022D4 /* StorageManager.swift */; };
		3F4916742B21FAA0008022D4 /* RootTab.swift in Sources */ = {isa = PBXBuildFile; fileRef = 3F4916732B21FAA0008022D4 /* RootTab.swift */; };
		3F49167B2B21FB2A008022D4 /* CoreNibReusable.swift in Sources */ = {isa = PBXBuildFile; fileRef = 3F4916762B21FB29008022D4 /* CoreNibReusable.swift */; };
		3F49167C2B21FB2A008022D4 /* CoreReusableView.swift in Sources */ = {isa = PBXBuildFile; fileRef = 3F4916772B21FB29008022D4 /* CoreReusableView.swift */; };
		3F49167D2B21FB2A008022D4 /* CoreCellInputData.swift in Sources */ = {isa = PBXBuildFile; fileRef = 3F4916782B21FB29008022D4 /* CoreCellInputData.swift */; };
		3F49167E2B21FB2A008022D4 /* EmptyReusableView.swift in Sources */ = {isa = PBXBuildFile; fileRef = 3F4916792B21FB29008022D4 /* EmptyReusableView.swift */; };
		3F49167F2B21FB2A008022D4 /* CoreCellView.swift in Sources */ = {isa = PBXBuildFile; fileRef = 3F49167A2B21FB2A008022D4 /* CoreCellView.swift */; };
		3F4916812B21FB4A008022D4 /* CoreSection.swift in Sources */ = {isa = PBXBuildFile; fileRef = 3F4916802B21FB4A008022D4 /* CoreSection.swift */; };
		3F4916832B21FCC8008022D4 /* Section.swift in Sources */ = {isa = PBXBuildFile; fileRef = 3F4916822B21FCC8008022D4 /* Section.swift */; };
		3F4916852B21FD63008022D4 /* UICollectionView+Registrate.swift in Sources */ = {isa = PBXBuildFile; fileRef = 3F4916842B21FD63008022D4 /* UICollectionView+Registrate.swift */; };
		3F4916EF2B25CC89008022D4 /* CharacterViewData.swift in Sources */ = {isa = PBXBuildFile; fileRef = 3F4916E52B25CC89008022D4 /* CharacterViewData.swift */; };
		3F4916F02B25CC89008022D4 /* CharacterAssembly.swift in Sources */ = {isa = PBXBuildFile; fileRef = 3F4916E62B25CC89008022D4 /* CharacterAssembly.swift */; };
		3F4916F12B25CC89008022D4 /* CharacterView.swift in Sources */ = {isa = PBXBuildFile; fileRef = 3F4916E72B25CC89008022D4 /* CharacterView.swift */; };
		3F4916F22B25CC89008022D4 /* CharacterCell.xib in Resources */ = {isa = PBXBuildFile; fileRef = 3F4916E92B25CC89008022D4 /* CharacterCell.xib */; };
		3F4916F32B25CC89008022D4 /* CharacterCellData.swift in Sources */ = {isa = PBXBuildFile; fileRef = 3F4916EA2B25CC89008022D4 /* CharacterCellData.swift */; };
		3F4916F42B25CC89008022D4 /* CharacterCell.swift in Sources */ = {isa = PBXBuildFile; fileRef = 3F4916EB2B25CC89008022D4 /* CharacterCell.swift */; };
		3F4916F52B25CC89008022D4 /* CharacterDataProvider.swift in Sources */ = {isa = PBXBuildFile; fileRef = 3F4916EC2B25CC89008022D4 /* CharacterDataProvider.swift */; };
		3F4916F62B25CC89008022D4 /* CharacterCoordinator.swift in Sources */ = {isa = PBXBuildFile; fileRef = 3F4916ED2B25CC89008022D4 /* CharacterCoordinator.swift */; };
		3F4916F72B25CC89008022D4 /* CharacterViewController.swift in Sources */ = {isa = PBXBuildFile; fileRef = 3F4916EE2B25CC89008022D4 /* CharacterViewController.swift */; };
		3F4916FA2B2A1DD5008022D4 /* PersonViewController.swift in Sources */ = {isa = PBXBuildFile; fileRef = 3F4916F92B2A1DD5008022D4 /* PersonViewController.swift */; };
		3F4916FC2B2A1DE5008022D4 /* PersonViewData.swift in Sources */ = {isa = PBXBuildFile; fileRef = 3F4916FB2B2A1DE5008022D4 /* PersonViewData.swift */; };
		3F4916FE2B2A1DF3008022D4 /* PersonView.swift in Sources */ = {isa = PBXBuildFile; fileRef = 3F4916FD2B2A1DF3008022D4 /* PersonView.swift */; };
		3F4917002B2A1E00008022D4 /* PersonDataProvider.swift in Sources */ = {isa = PBXBuildFile; fileRef = 3F4916FF2B2A1E00008022D4 /* PersonDataProvider.swift */; };
		3F4917022B2A1E0F008022D4 /* PersonAssembly.swift in Sources */ = {isa = PBXBuildFile; fileRef = 3F4917012B2A1E0F008022D4 /* PersonAssembly.swift */; };
		3F4917042B2A1E20008022D4 /* PersonCoordinator.swift in Sources */ = {isa = PBXBuildFile; fileRef = 3F4917032B2A1E20008022D4 /* PersonCoordinator.swift */; };
		3F4917062B2A2030008022D4 /* PersonApiClient.swift in Sources */ = {isa = PBXBuildFile; fileRef = 3F4917052B2A2030008022D4 /* PersonApiClient.swift */; };
		3F49170A2B2B308C008022D4 /* PersonPhotoCell.swift in Sources */ = {isa = PBXBuildFile; fileRef = 3F4917082B2B308C008022D4 /* PersonPhotoCell.swift */; };
		3F49170B2B2B308C008022D4 /* PersonPhotoCell.xib in Resources */ = {isa = PBXBuildFile; fileRef = 3F4917092B2B308C008022D4 /* PersonPhotoCell.xib */; };
		3F49170D2B2B3143008022D4 /* PersonPhotoCellData.swift in Sources */ = {isa = PBXBuildFile; fileRef = 3F49170C2B2B3143008022D4 /* PersonPhotoCellData.swift */; };
		3F4917122B2B3C16008022D4 /* PersonEpisodeCell.swift in Sources */ = {isa = PBXBuildFile; fileRef = 3F4917102B2B3C16008022D4 /* PersonEpisodeCell.swift */; };
		3F4917132B2B3C16008022D4 /* PersonEpisodeCell.xib in Resources */ = {isa = PBXBuildFile; fileRef = 3F4917112B2B3C16008022D4 /* PersonEpisodeCell.xib */; };
		3F4917152B2B3CCD008022D4 /* PersonEpisodeCellData.swift in Sources */ = {isa = PBXBuildFile; fileRef = 3F4917142B2B3CCD008022D4 /* PersonEpisodeCellData.swift */; };
		3F4917172B2B429C008022D4 /* NSCollectionLayoutSection+SupplementaryItem.swift in Sources */ = {isa = PBXBuildFile; fileRef = 3F4917162B2B429C008022D4 /* NSCollectionLayoutSection+SupplementaryItem.swift */; };
		3F49171A2B2B4301008022D4 /* PersonHeaderView.swift in Sources */ = {isa = PBXBuildFile; fileRef = 3F4917182B2B4301008022D4 /* PersonHeaderView.swift */; };
		3F49171B2B2B4301008022D4 /* PersonHeaderView.xib in Resources */ = {isa = PBXBuildFile; fileRef = 3F4917192B2B4301008022D4 /* PersonHeaderView.xib */; };
		3F49171D2B2B437C008022D4 /* PersonHeaderViewData.swift in Sources */ = {isa = PBXBuildFile; fileRef = 3F49171C2B2B437C008022D4 /* PersonHeaderViewData.swift */; };
		3F55A4EC2B2F588400FE5024 /* Episode.swift in Sources */ = {isa = PBXBuildFile; fileRef = 3F55A4EB2B2F588400FE5024 /* Episode.swift */; };
		3F55A4EF2B2F7F9B00FE5024 /* ProfileViewController.swift in Sources */ = {isa = PBXBuildFile; fileRef = 3F55A4EE2B2F7F9B00FE5024 /* ProfileViewController.swift */; };
		3F55A4F12B2F7FA600FE5024 /* ProfileView.swift in Sources */ = {isa = PBXBuildFile; fileRef = 3F55A4F02B2F7FA600FE5024 /* ProfileView.swift */; };
		3F55A4F32B2F7FB500FE5024 /* ProfileViewData.swift in Sources */ = {isa = PBXBuildFile; fileRef = 3F55A4F22B2F7FB500FE5024 /* ProfileViewData.swift */; };
		3F55A4F52B2F7FC400FE5024 /* ProfileDataProvider.swift in Sources */ = {isa = PBXBuildFile; fileRef = 3F55A4F42B2F7FC400FE5024 /* ProfileDataProvider.swift */; };
		3F55A4F72B2F7FCF00FE5024 /* ProfileAssembly.swift in Sources */ = {isa = PBXBuildFile; fileRef = 3F55A4F62B2F7FCF00FE5024 /* ProfileAssembly.swift */; };
		3F55A4F92B2F7FE200FE5024 /* ProfileCoordinator.swift in Sources */ = {isa = PBXBuildFile; fileRef = 3F55A4F82B2F7FE200FE5024 /* ProfileCoordinator.swift */; };
		3F5D91C62B14D1FE00492A6B /* LocationCell.swift in Sources */ = {isa = PBXBuildFile; fileRef = 3F5D91C42B14D1FE00492A6B /* LocationCell.swift */; };
		3F5D91C72B14D1FE00492A6B /* LocationCell.xib in Resources */ = {isa = PBXBuildFile; fileRef = 3F5D91C52B14D1FE00492A6B /* LocationCell.xib */; };
		3F5D91C92B14D4D800492A6B /* LocationCellData.swift in Sources */ = {isa = PBXBuildFile; fileRef = 3F5D91C82B14D4D800492A6B /* LocationCellData.swift */; };
		3F5D91CC2B14D7AF00492A6B /* NSObject+ClassName.swift in Sources */ = {isa = PBXBuildFile; fileRef = 3F5D91CB2B14D7AF00492A6B /* NSObject+ClassName.swift */; };
		3FBD4E202B30186400864BBF /* ProfilePhotoCellData.swift in Sources */ = {isa = PBXBuildFile; fileRef = 3FBD4E1F2B30186400864BBF /* ProfilePhotoCellData.swift */; };
		3FBD4E232B3018AA00864BBF /* ProfilePhotoCell.swift in Sources */ = {isa = PBXBuildFile; fileRef = 3FBD4E212B3018AA00864BBF /* ProfilePhotoCell.swift */; };
		3FBD4E242B3018AA00864BBF /* ProfilePhotoCell.xib in Resources */ = {isa = PBXBuildFile; fileRef = 3FBD4E222B3018AA00864BBF /* ProfilePhotoCell.xib */; };
		3FBD4E262B30667700864BBF /* ProfileLoginCellData.swift in Sources */ = {isa = PBXBuildFile; fileRef = 3FBD4E252B30667700864BBF /* ProfileLoginCellData.swift */; };
		3FBD4E2B2B3066A800864BBF /* ProfileLoginCell.swift in Sources */ = {isa = PBXBuildFile; fileRef = 3FBD4E292B3066A800864BBF /* ProfileLoginCell.swift */; };
		3FBD4E2C2B3066A800864BBF /* ProfileLoginCell.xib in Resources */ = {isa = PBXBuildFile; fileRef = 3FBD4E2A2B3066A800864BBF /* ProfileLoginCell.xib */; };
		3FBD4E2E2B306EA000864BBF /* ProfileApiClient.swift in Sources */ = {isa = PBXBuildFile; fileRef = 3FBD4E2D2B306EA000864BBF /* ProfileApiClient.swift */; };
		3FBD4E302B3078EB00864BBF /* Profile.swift in Sources */ = {isa = PBXBuildFile; fileRef = 3FBD4E2F2B3078EB00864BBF /* Profile.swift */; };
		3FBD4E322B307D2500864BBF /* ProfileInfoCellData.swift in Sources */ = {isa = PBXBuildFile; fileRef = 3FBD4E312B307D2500864BBF /* ProfileInfoCellData.swift */; };
		3FBD4E352B307D3E00864BBF /* ProfileInfoCell.swift in Sources */ = {isa = PBXBuildFile; fileRef = 3FBD4E332B307D3E00864BBF /* ProfileInfoCell.swift */; };
		3FBD4E362B307D3E00864BBF /* ProfileInfoCell.xib in Resources */ = {isa = PBXBuildFile; fileRef = 3FBD4E342B307D3E00864BBF /* ProfileInfoCell.xib */; };
		3FBD4E382B3088BC00864BBF /* ProfileButtonCellData.swift in Sources */ = {isa = PBXBuildFile; fileRef = 3FBD4E372B3088BC00864BBF /* ProfileButtonCellData.swift */; };
		3FBD4E3B2B3088D800864BBF /* ProfileButtonCell.swift in Sources */ = {isa = PBXBuildFile; fileRef = 3FBD4E392B3088D800864BBF /* ProfileButtonCell.swift */; };
		3FBD4E3C2B3088D800864BBF /* ProfileButtonCell.xib in Resources */ = {isa = PBXBuildFile; fileRef = 3FBD4E3A2B3088D800864BBF /* ProfileButtonCell.xib */; };
		3FE4F5B92AEAA5CB00E38AF7 /* Assembly.swift in Sources */ = {isa = PBXBuildFile; fileRef = 3FE4F5B82AEAA5CB00E38AF7 /* Assembly.swift */; };
		3FF07BD52AF91942008E4D37 /* AppCoordinator.swift in Sources */ = {isa = PBXBuildFile; fileRef = 3FF07BD42AF91942008E4D37 /* AppCoordinator.swift */; };
		3FF07BD92AF922E2008E4D37 /* AuthViewController.swift in Sources */ = {isa = PBXBuildFile; fileRef = 3FF07BD82AF922E2008E4D37 /* AuthViewController.swift */; };
		3FF07BDB2AF9230B008E4D37 /* AuthView.swift in Sources */ = {isa = PBXBuildFile; fileRef = 3FF07BDA2AF9230B008E4D37 /* AuthView.swift */; };
		3FF07BDD2AF9242C008E4D37 /* AuthViewData.swift in Sources */ = {isa = PBXBuildFile; fileRef = 3FF07BDC2AF9242C008E4D37 /* AuthViewData.swift */; };
		3FF07BDF2AF92450008E4D37 /* AuthDataProvider.swift in Sources */ = {isa = PBXBuildFile; fileRef = 3FF07BDE2AF92450008E4D37 /* AuthDataProvider.swift */; };
		3FF07BE12AF92499008E4D37 /* AuthAssembly.swift in Sources */ = {isa = PBXBuildFile; fileRef = 3FF07BE02AF92499008E4D37 /* AuthAssembly.swift */; };
		3FF07BE32AF92615008E4D37 /* AuthCoordinator.swift in Sources */ = {isa = PBXBuildFile; fileRef = 3FF07BE22AF92615008E4D37 /* AuthCoordinator.swift */; };
		3FF07BE62AFCDD11008E4D37 /* RegistrationViewController.swift in Sources */ = {isa = PBXBuildFile; fileRef = 3FF07BE52AFCDD11008E4D37 /* RegistrationViewController.swift */; };
		3FF07BE82AFCDD9A008E4D37 /* RegistrationView.swift in Sources */ = {isa = PBXBuildFile; fileRef = 3FF07BE72AFCDD9A008E4D37 /* RegistrationView.swift */; };
		3FF07BEA2AFCDE56008E4D37 /* RegistrationViewData.swift in Sources */ = {isa = PBXBuildFile; fileRef = 3FF07BE92AFCDE56008E4D37 /* RegistrationViewData.swift */; };
		3FF07BEC2AFCDE9A008E4D37 /* RegistrationDataProvider.swift in Sources */ = {isa = PBXBuildFile; fileRef = 3FF07BEB2AFCDE9A008E4D37 /* RegistrationDataProvider.swift */; };
		3FF07BEE2AFCDF19008E4D37 /* RegistrationAssembly.swift in Sources */ = {isa = PBXBuildFile; fileRef = 3FF07BED2AFCDF19008E4D37 /* RegistrationAssembly.swift */; };
		3FF07BF02AFCDFEC008E4D37 /* RegistrationCoordinator.swift in Sources */ = {isa = PBXBuildFile; fileRef = 3FF07BEF2AFCDFEC008E4D37 /* RegistrationCoordinator.swift */; };
		3FF07C042B022028008E4D37 /* SplashViewController.swift in Sources */ = {isa = PBXBuildFile; fileRef = 3FF07C032B022028008E4D37 /* SplashViewController.swift */; };
		3FF07C062B022037008E4D37 /* SplashView.swift in Sources */ = {isa = PBXBuildFile; fileRef = 3FF07C052B022037008E4D37 /* SplashView.swift */; };
		3FF07C082B02204F008E4D37 /* SplashViewData.swift in Sources */ = {isa = PBXBuildFile; fileRef = 3FF07C072B02204F008E4D37 /* SplashViewData.swift */; };
		3FF07C0A2B02205E008E4D37 /* SplashDataProvider.swift in Sources */ = {isa = PBXBuildFile; fileRef = 3FF07C092B02205E008E4D37 /* SplashDataProvider.swift */; };
		3FF07C0D2B022080008E4D37 /* SplashAssembly.swift in Sources */ = {isa = PBXBuildFile; fileRef = 3FF07C0C2B022080008E4D37 /* SplashAssembly.swift */; };
		3FF07C0F2B022099008E4D37 /* SplashCoordinator.swift in Sources */ = {isa = PBXBuildFile; fileRef = 3FF07C0E2B022099008E4D37 /* SplashCoordinator.swift */; };
		3FF07C122B025150008E4D37 /* Location.swift in Sources */ = {isa = PBXBuildFile; fileRef = 3FF07C112B025150008E4D37 /* Location.swift */; };
		3FF07C142B0259B4008E4D37 /* LocationsList.swift in Sources */ = {isa = PBXBuildFile; fileRef = 3FF07C132B0259B4008E4D37 /* LocationsList.swift */; };
		3FF07C162B025A3A008E4D37 /* TokenResponse.swift in Sources */ = {isa = PBXBuildFile; fileRef = 3FF07C152B025A3A008E4D37 /* TokenResponse.swift */; };
		3FF07C192B025AF3008E4D37 /* ApiClient.swift in Sources */ = {isa = PBXBuildFile; fileRef = 3FF07C182B025AF3008E4D37 /* ApiClient.swift */; };
		3FF07C1B2B025B5F008E4D37 /* NetworkConstants.swift in Sources */ = {isa = PBXBuildFile; fileRef = 3FF07C1A2B025B5F008E4D37 /* NetworkConstants.swift */; };
		3FF07C1D2B025CB4008E4D37 /* ApiError.swift in Sources */ = {isa = PBXBuildFile; fileRef = 3FF07C1C2B025CB4008E4D37 /* ApiError.swift */; };
		3FF07C1F2B02601B008E4D37 /* AuthApiClient.swift in Sources */ = {isa = PBXBuildFile; fileRef = 3FF07C1E2B02601B008E4D37 /* AuthApiClient.swift */; };
		3FF07C232B05077D008E4D37 /* RegistrationApiClient.swift in Sources */ = {isa = PBXBuildFile; fileRef = 3FF07C222B05077D008E4D37 /* RegistrationApiClient.swift */; };
		3FF07C252B051492008E4D37 /* User.swift in Sources */ = {isa = PBXBuildFile; fileRef = 3FF07C242B051492008E4D37 /* User.swift */; };
		3FF07C272B052382008E4D37 /* LocationApiClient.swift in Sources */ = {isa = PBXBuildFile; fileRef = 3FF07C262B052382008E4D37 /* LocationApiClient.swift */; };
		3FF07C362B052F04008E4D37 /* Character.swift in Sources */ = {isa = PBXBuildFile; fileRef = 3FF07C352B052F04008E4D37 /* Character.swift */; };
		3FF07C382B05304D008E4D37 /* CharacterApiClient.swift in Sources */ = {isa = PBXBuildFile; fileRef = 3FF07C372B05304D008E4D37 /* CharacterApiClient.swift */; };
		3FF07C4A2B053B65008E4D37 /* LocationViewController.swift in Sources */ = {isa = PBXBuildFile; fileRef = 3FF07C492B053B65008E4D37 /* LocationViewController.swift */; };
		3FF07C4C2B053B8A008E4D37 /* LocationView.swift in Sources */ = {isa = PBXBuildFile; fileRef = 3FF07C4B2B053B8A008E4D37 /* LocationView.swift */; };
		3FF07C4E2B053BAB008E4D37 /* LocationDataProvider.swift in Sources */ = {isa = PBXBuildFile; fileRef = 3FF07C4D2B053BAB008E4D37 /* LocationDataProvider.swift */; };
		3FF07C502B053BC9008E4D37 /* LocationViewData.swift in Sources */ = {isa = PBXBuildFile; fileRef = 3FF07C4F2B053BC9008E4D37 /* LocationViewData.swift */; };
		3FF07C522B053C07008E4D37 /* LocationAssembly.swift in Sources */ = {isa = PBXBuildFile; fileRef = 3FF07C512B053C07008E4D37 /* LocationAssembly.swift */; };
		3FF07C542B053C28008E4D37 /* LocationCoordinator.swift in Sources */ = {isa = PBXBuildFile; fileRef = 3FF07C532B053C28008E4D37 /* LocationCoordinator.swift */; };
		3FF07C572B064095008E4D37 /* BaseViewController.swift in Sources */ = {isa = PBXBuildFile; fileRef = 3FF07C562B064095008E4D37 /* BaseViewController.swift */; };
		3FF07C5A2B0642E8008E4D37 /* AuthViewImp.xib in Resources */ = {isa = PBXBuildFile; fileRef = 3FF07C592B0642E8008E4D37 /* AuthViewImp.xib */; };
		3FF07C612B0CF6CE008E4D37 /* BaseCoordinator.swift in Sources */ = {isa = PBXBuildFile; fileRef = 3FF07C602B0CF6CE008E4D37 /* BaseCoordinator.swift */; };
/* End PBXBuildFile section */

/* Begin PBXFileReference section */
		3F01A8FC2B18CC6C0062BB7A /* ImageService.swift */ = {isa = PBXFileReference; lastKnownFileType = sourcecode.swift; path = ImageService.swift; sourceTree = "<group>"; };
		3F096CBD2B0D23ED002892CA /* RegistrationViewImp.xib */ = {isa = PBXFileReference; lastKnownFileType = file.xib; path = RegistrationViewImp.xib; sourceTree = "<group>"; };
		3F096CBF2B0F8841002892CA /* TabBarController.swift */ = {isa = PBXFileReference; lastKnownFileType = sourcecode.swift; path = TabBarController.swift; sourceTree = "<group>"; };
		3F096CC42B0F8943002892CA /* BaseNavigationController.swift */ = {isa = PBXFileReference; lastKnownFileType = sourcecode.swift; path = BaseNavigationController.swift; sourceTree = "<group>"; };
		3F096CCF2B10DD40002892CA /* SplashViewImp.xib */ = {isa = PBXFileReference; lastKnownFileType = file.xib; path = SplashViewImp.xib; sourceTree = "<group>"; };
		3F23073B2AE11A8F00D9223D /* iosSchool_HH.app */ = {isa = PBXFileReference; explicitFileType = wrapper.application; includeInIndex = 0; path = iosSchool_HH.app; sourceTree = BUILT_PRODUCTS_DIR; };
		3F23073E2AE11A8F00D9223D /* AppDelegate.swift */ = {isa = PBXFileReference; lastKnownFileType = sourcecode.swift; path = AppDelegate.swift; sourceTree = "<group>"; };
		3F2307402AE11A8F00D9223D /* SceneDelegate.swift */ = {isa = PBXFileReference; lastKnownFileType = sourcecode.swift; path = SceneDelegate.swift; sourceTree = "<group>"; };
		3F2307472AE11A9100D9223D /* Assets.xcassets */ = {isa = PBXFileReference; lastKnownFileType = folder.assetcatalog; path = Assets.xcassets; sourceTree = "<group>"; };
		3F23074A2AE11A9100D9223D /* Base */ = {isa = PBXFileReference; lastKnownFileType = file.storyboard; name = Base; path = Base.lproj/LaunchScreen.storyboard; sourceTree = "<group>"; };
		3F23074C2AE11A9100D9223D /* Info.plist */ = {isa = PBXFileReference; lastKnownFileType = text.plist.xml; path = Info.plist; sourceTree = "<group>"; };
		3F4916632B1E0189008022D4 /* StorageManager.swift */ = {isa = PBXFileReference; lastKnownFileType = sourcecode.swift; path = StorageManager.swift; sourceTree = "<group>"; };
		3F4916732B21FAA0008022D4 /* RootTab.swift */ = {isa = PBXFileReference; lastKnownFileType = sourcecode.swift; path = RootTab.swift; sourceTree = "<group>"; };
		3F4916762B21FB29008022D4 /* CoreNibReusable.swift */ = {isa = PBXFileReference; fileEncoding = 4; lastKnownFileType = sourcecode.swift; path = CoreNibReusable.swift; sourceTree = "<group>"; };
		3F4916772B21FB29008022D4 /* CoreReusableView.swift */ = {isa = PBXFileReference; fileEncoding = 4; lastKnownFileType = sourcecode.swift; path = CoreReusableView.swift; sourceTree = "<group>"; };
		3F4916782B21FB29008022D4 /* CoreCellInputData.swift */ = {isa = PBXFileReference; fileEncoding = 4; lastKnownFileType = sourcecode.swift; path = CoreCellInputData.swift; sourceTree = "<group>"; };
		3F4916792B21FB29008022D4 /* EmptyReusableView.swift */ = {isa = PBXFileReference; fileEncoding = 4; lastKnownFileType = sourcecode.swift; path = EmptyReusableView.swift; sourceTree = "<group>"; };
		3F49167A2B21FB2A008022D4 /* CoreCellView.swift */ = {isa = PBXFileReference; fileEncoding = 4; lastKnownFileType = sourcecode.swift; path = CoreCellView.swift; sourceTree = "<group>"; };
		3F4916802B21FB4A008022D4 /* CoreSection.swift */ = {isa = PBXFileReference; lastKnownFileType = sourcecode.swift; path = CoreSection.swift; sourceTree = "<group>"; };
		3F4916822B21FCC8008022D4 /* Section.swift */ = {isa = PBXFileReference; lastKnownFileType = sourcecode.swift; path = Section.swift; sourceTree = "<group>"; };
		3F4916842B21FD63008022D4 /* UICollectionView+Registrate.swift */ = {isa = PBXFileReference; lastKnownFileType = sourcecode.swift; path = "UICollectionView+Registrate.swift"; sourceTree = "<group>"; };
		3F4916E52B25CC89008022D4 /* CharacterViewData.swift */ = {isa = PBXFileReference; fileEncoding = 4; lastKnownFileType = sourcecode.swift; path = CharacterViewData.swift; sourceTree = "<group>"; };
		3F4916E62B25CC89008022D4 /* CharacterAssembly.swift */ = {isa = PBXFileReference; fileEncoding = 4; lastKnownFileType = sourcecode.swift; path = CharacterAssembly.swift; sourceTree = "<group>"; };
		3F4916E72B25CC89008022D4 /* CharacterView.swift */ = {isa = PBXFileReference; fileEncoding = 4; lastKnownFileType = sourcecode.swift; path = CharacterView.swift; sourceTree = "<group>"; };
		3F4916E92B25CC89008022D4 /* CharacterCell.xib */ = {isa = PBXFileReference; fileEncoding = 4; lastKnownFileType = file.xib; path = CharacterCell.xib; sourceTree = "<group>"; };
		3F4916EA2B25CC89008022D4 /* CharacterCellData.swift */ = {isa = PBXFileReference; fileEncoding = 4; lastKnownFileType = sourcecode.swift; path = CharacterCellData.swift; sourceTree = "<group>"; };
		3F4916EB2B25CC89008022D4 /* CharacterCell.swift */ = {isa = PBXFileReference; fileEncoding = 4; lastKnownFileType = sourcecode.swift; path = CharacterCell.swift; sourceTree = "<group>"; };
		3F4916EC2B25CC89008022D4 /* CharacterDataProvider.swift */ = {isa = PBXFileReference; fileEncoding = 4; lastKnownFileType = sourcecode.swift; path = CharacterDataProvider.swift; sourceTree = "<group>"; };
		3F4916ED2B25CC89008022D4 /* CharacterCoordinator.swift */ = {isa = PBXFileReference; fileEncoding = 4; lastKnownFileType = sourcecode.swift; path = CharacterCoordinator.swift; sourceTree = "<group>"; };
		3F4916EE2B25CC89008022D4 /* CharacterViewController.swift */ = {isa = PBXFileReference; fileEncoding = 4; lastKnownFileType = sourcecode.swift; path = CharacterViewController.swift; sourceTree = "<group>"; };
		3F4916F92B2A1DD5008022D4 /* PersonViewController.swift */ = {isa = PBXFileReference; lastKnownFileType = sourcecode.swift; path = PersonViewController.swift; sourceTree = "<group>"; };
		3F4916FB2B2A1DE5008022D4 /* PersonViewData.swift */ = {isa = PBXFileReference; lastKnownFileType = sourcecode.swift; path = PersonViewData.swift; sourceTree = "<group>"; };
		3F4916FD2B2A1DF3008022D4 /* PersonView.swift */ = {isa = PBXFileReference; lastKnownFileType = sourcecode.swift; path = PersonView.swift; sourceTree = "<group>"; };
		3F4916FF2B2A1E00008022D4 /* PersonDataProvider.swift */ = {isa = PBXFileReference; lastKnownFileType = sourcecode.swift; path = PersonDataProvider.swift; sourceTree = "<group>"; };
		3F4917012B2A1E0F008022D4 /* PersonAssembly.swift */ = {isa = PBXFileReference; lastKnownFileType = sourcecode.swift; path = PersonAssembly.swift; sourceTree = "<group>"; };
		3F4917032B2A1E20008022D4 /* PersonCoordinator.swift */ = {isa = PBXFileReference; lastKnownFileType = sourcecode.swift; path = PersonCoordinator.swift; sourceTree = "<group>"; };
		3F4917052B2A2030008022D4 /* PersonApiClient.swift */ = {isa = PBXFileReference; lastKnownFileType = sourcecode.swift; path = PersonApiClient.swift; sourceTree = "<group>"; };
		3F4917082B2B308C008022D4 /* PersonPhotoCell.swift */ = {isa = PBXFileReference; lastKnownFileType = sourcecode.swift; path = PersonPhotoCell.swift; sourceTree = "<group>"; };
		3F4917092B2B308C008022D4 /* PersonPhotoCell.xib */ = {isa = PBXFileReference; lastKnownFileType = file.xib; path = PersonPhotoCell.xib; sourceTree = "<group>"; };
		3F49170C2B2B3143008022D4 /* PersonPhotoCellData.swift */ = {isa = PBXFileReference; lastKnownFileType = sourcecode.swift; path = PersonPhotoCellData.swift; sourceTree = "<group>"; };
		3F4917102B2B3C16008022D4 /* PersonEpisodeCell.swift */ = {isa = PBXFileReference; lastKnownFileType = sourcecode.swift; path = PersonEpisodeCell.swift; sourceTree = "<group>"; };
		3F4917112B2B3C16008022D4 /* PersonEpisodeCell.xib */ = {isa = PBXFileReference; lastKnownFileType = file.xib; path = PersonEpisodeCell.xib; sourceTree = "<group>"; };
		3F4917142B2B3CCD008022D4 /* PersonEpisodeCellData.swift */ = {isa = PBXFileReference; lastKnownFileType = sourcecode.swift; path = PersonEpisodeCellData.swift; sourceTree = "<group>"; };
		3F4917162B2B429C008022D4 /* NSCollectionLayoutSection+SupplementaryItem.swift */ = {isa = PBXFileReference; lastKnownFileType = sourcecode.swift; path = "NSCollectionLayoutSection+SupplementaryItem.swift"; sourceTree = "<group>"; };
		3F4917182B2B4301008022D4 /* PersonHeaderView.swift */ = {isa = PBXFileReference; lastKnownFileType = sourcecode.swift; path = PersonHeaderView.swift; sourceTree = "<group>"; };
		3F4917192B2B4301008022D4 /* PersonHeaderView.xib */ = {isa = PBXFileReference; lastKnownFileType = file.xib; path = PersonHeaderView.xib; sourceTree = "<group>"; };
		3F49171C2B2B437C008022D4 /* PersonHeaderViewData.swift */ = {isa = PBXFileReference; lastKnownFileType = sourcecode.swift; path = PersonHeaderViewData.swift; sourceTree = "<group>"; };
		3F55A4EB2B2F588400FE5024 /* Episode.swift */ = {isa = PBXFileReference; lastKnownFileType = sourcecode.swift; path = Episode.swift; sourceTree = "<group>"; };
		3F55A4EE2B2F7F9B00FE5024 /* ProfileViewController.swift */ = {isa = PBXFileReference; lastKnownFileType = sourcecode.swift; path = ProfileViewController.swift; sourceTree = "<group>"; };
		3F55A4F02B2F7FA600FE5024 /* ProfileView.swift */ = {isa = PBXFileReference; lastKnownFileType = sourcecode.swift; path = ProfileView.swift; sourceTree = "<group>"; };
		3F55A4F22B2F7FB500FE5024 /* ProfileViewData.swift */ = {isa = PBXFileReference; lastKnownFileType = sourcecode.swift; path = ProfileViewData.swift; sourceTree = "<group>"; };
		3F55A4F42B2F7FC400FE5024 /* ProfileDataProvider.swift */ = {isa = PBXFileReference; lastKnownFileType = sourcecode.swift; path = ProfileDataProvider.swift; sourceTree = "<group>"; };
		3F55A4F62B2F7FCF00FE5024 /* ProfileAssembly.swift */ = {isa = PBXFileReference; lastKnownFileType = sourcecode.swift; path = ProfileAssembly.swift; sourceTree = "<group>"; };
		3F55A4F82B2F7FE200FE5024 /* ProfileCoordinator.swift */ = {isa = PBXFileReference; lastKnownFileType = sourcecode.swift; path = ProfileCoordinator.swift; sourceTree = "<group>"; };
		3F5D91C42B14D1FE00492A6B /* LocationCell.swift */ = {isa = PBXFileReference; lastKnownFileType = sourcecode.swift; path = LocationCell.swift; sourceTree = "<group>"; };
		3F5D91C52B14D1FE00492A6B /* LocationCell.xib */ = {isa = PBXFileReference; lastKnownFileType = file.xib; path = LocationCell.xib; sourceTree = "<group>"; };
		3F5D91C82B14D4D800492A6B /* LocationCellData.swift */ = {isa = PBXFileReference; lastKnownFileType = sourcecode.swift; path = LocationCellData.swift; sourceTree = "<group>"; };
		3F5D91CB2B14D7AF00492A6B /* NSObject+ClassName.swift */ = {isa = PBXFileReference; lastKnownFileType = sourcecode.swift; path = "NSObject+ClassName.swift"; sourceTree = "<group>"; };
		3FBD4E1F2B30186400864BBF /* ProfilePhotoCellData.swift */ = {isa = PBXFileReference; lastKnownFileType = sourcecode.swift; path = ProfilePhotoCellData.swift; sourceTree = "<group>"; };
		3FBD4E212B3018AA00864BBF /* ProfilePhotoCell.swift */ = {isa = PBXFileReference; lastKnownFileType = sourcecode.swift; path = ProfilePhotoCell.swift; sourceTree = "<group>"; };
		3FBD4E222B3018AA00864BBF /* ProfilePhotoCell.xib */ = {isa = PBXFileReference; lastKnownFileType = file.xib; path = ProfilePhotoCell.xib; sourceTree = "<group>"; };
		3FBD4E252B30667700864BBF /* ProfileLoginCellData.swift */ = {isa = PBXFileReference; lastKnownFileType = sourcecode.swift; path = ProfileLoginCellData.swift; sourceTree = "<group>"; };
		3FBD4E292B3066A800864BBF /* ProfileLoginCell.swift */ = {isa = PBXFileReference; lastKnownFileType = sourcecode.swift; path = ProfileLoginCell.swift; sourceTree = "<group>"; };
		3FBD4E2A2B3066A800864BBF /* ProfileLoginCell.xib */ = {isa = PBXFileReference; lastKnownFileType = file.xib; path = ProfileLoginCell.xib; sourceTree = "<group>"; };
		3FBD4E2D2B306EA000864BBF /* ProfileApiClient.swift */ = {isa = PBXFileReference; lastKnownFileType = sourcecode.swift; path = ProfileApiClient.swift; sourceTree = "<group>"; };
		3FBD4E2F2B3078EB00864BBF /* Profile.swift */ = {isa = PBXFileReference; lastKnownFileType = sourcecode.swift; path = Profile.swift; sourceTree = "<group>"; };
		3FBD4E312B307D2500864BBF /* ProfileInfoCellData.swift */ = {isa = PBXFileReference; lastKnownFileType = sourcecode.swift; path = ProfileInfoCellData.swift; sourceTree = "<group>"; };
		3FBD4E332B307D3E00864BBF /* ProfileInfoCell.swift */ = {isa = PBXFileReference; lastKnownFileType = sourcecode.swift; path = ProfileInfoCell.swift; sourceTree = "<group>"; };
		3FBD4E342B307D3E00864BBF /* ProfileInfoCell.xib */ = {isa = PBXFileReference; lastKnownFileType = file.xib; path = ProfileInfoCell.xib; sourceTree = "<group>"; };
		3FBD4E372B3088BC00864BBF /* ProfileButtonCellData.swift */ = {isa = PBXFileReference; lastKnownFileType = sourcecode.swift; path = ProfileButtonCellData.swift; sourceTree = "<group>"; };
		3FBD4E392B3088D800864BBF /* ProfileButtonCell.swift */ = {isa = PBXFileReference; lastKnownFileType = sourcecode.swift; path = ProfileButtonCell.swift; sourceTree = "<group>"; };
		3FBD4E3A2B3088D800864BBF /* ProfileButtonCell.xib */ = {isa = PBXFileReference; lastKnownFileType = file.xib; path = ProfileButtonCell.xib; sourceTree = "<group>"; };
		3FE4F5B82AEAA5CB00E38AF7 /* Assembly.swift */ = {isa = PBXFileReference; lastKnownFileType = sourcecode.swift; path = Assembly.swift; sourceTree = "<group>"; };
		3FF07BD42AF91942008E4D37 /* AppCoordinator.swift */ = {isa = PBXFileReference; lastKnownFileType = sourcecode.swift; path = AppCoordinator.swift; sourceTree = "<group>"; };
		3FF07BD82AF922E2008E4D37 /* AuthViewController.swift */ = {isa = PBXFileReference; lastKnownFileType = sourcecode.swift; path = AuthViewController.swift; sourceTree = "<group>"; };
		3FF07BDA2AF9230B008E4D37 /* AuthView.swift */ = {isa = PBXFileReference; lastKnownFileType = sourcecode.swift; path = AuthView.swift; sourceTree = "<group>"; };
		3FF07BDC2AF9242C008E4D37 /* AuthViewData.swift */ = {isa = PBXFileReference; lastKnownFileType = sourcecode.swift; path = AuthViewData.swift; sourceTree = "<group>"; };
		3FF07BDE2AF92450008E4D37 /* AuthDataProvider.swift */ = {isa = PBXFileReference; lastKnownFileType = sourcecode.swift; path = AuthDataProvider.swift; sourceTree = "<group>"; };
		3FF07BE02AF92499008E4D37 /* AuthAssembly.swift */ = {isa = PBXFileReference; lastKnownFileType = sourcecode.swift; path = AuthAssembly.swift; sourceTree = "<group>"; };
		3FF07BE22AF92615008E4D37 /* AuthCoordinator.swift */ = {isa = PBXFileReference; lastKnownFileType = sourcecode.swift; path = AuthCoordinator.swift; sourceTree = "<group>"; };
		3FF07BE52AFCDD11008E4D37 /* RegistrationViewController.swift */ = {isa = PBXFileReference; lastKnownFileType = sourcecode.swift; path = RegistrationViewController.swift; sourceTree = "<group>"; };
		3FF07BE72AFCDD9A008E4D37 /* RegistrationView.swift */ = {isa = PBXFileReference; lastKnownFileType = sourcecode.swift; path = RegistrationView.swift; sourceTree = "<group>"; };
		3FF07BE92AFCDE56008E4D37 /* RegistrationViewData.swift */ = {isa = PBXFileReference; lastKnownFileType = sourcecode.swift; path = RegistrationViewData.swift; sourceTree = "<group>"; };
		3FF07BEB2AFCDE9A008E4D37 /* RegistrationDataProvider.swift */ = {isa = PBXFileReference; lastKnownFileType = sourcecode.swift; path = RegistrationDataProvider.swift; sourceTree = "<group>"; };
		3FF07BED2AFCDF19008E4D37 /* RegistrationAssembly.swift */ = {isa = PBXFileReference; lastKnownFileType = sourcecode.swift; path = RegistrationAssembly.swift; sourceTree = "<group>"; };
		3FF07BEF2AFCDFEC008E4D37 /* RegistrationCoordinator.swift */ = {isa = PBXFileReference; lastKnownFileType = sourcecode.swift; path = RegistrationCoordinator.swift; sourceTree = "<group>"; };
		3FF07C032B022028008E4D37 /* SplashViewController.swift */ = {isa = PBXFileReference; lastKnownFileType = sourcecode.swift; path = SplashViewController.swift; sourceTree = "<group>"; };
		3FF07C052B022037008E4D37 /* SplashView.swift */ = {isa = PBXFileReference; lastKnownFileType = sourcecode.swift; path = SplashView.swift; sourceTree = "<group>"; };
		3FF07C072B02204F008E4D37 /* SplashViewData.swift */ = {isa = PBXFileReference; lastKnownFileType = sourcecode.swift; path = SplashViewData.swift; sourceTree = "<group>"; };
		3FF07C092B02205E008E4D37 /* SplashDataProvider.swift */ = {isa = PBXFileReference; lastKnownFileType = sourcecode.swift; path = SplashDataProvider.swift; sourceTree = "<group>"; };
		3FF07C0C2B022080008E4D37 /* SplashAssembly.swift */ = {isa = PBXFileReference; lastKnownFileType = sourcecode.swift; path = SplashAssembly.swift; sourceTree = "<group>"; };
		3FF07C0E2B022099008E4D37 /* SplashCoordinator.swift */ = {isa = PBXFileReference; lastKnownFileType = sourcecode.swift; path = SplashCoordinator.swift; sourceTree = "<group>"; };
		3FF07C112B025150008E4D37 /* Location.swift */ = {isa = PBXFileReference; lastKnownFileType = sourcecode.swift; path = Location.swift; sourceTree = "<group>"; };
		3FF07C132B0259B4008E4D37 /* LocationsList.swift */ = {isa = PBXFileReference; lastKnownFileType = sourcecode.swift; path = LocationsList.swift; sourceTree = "<group>"; };
		3FF07C152B025A3A008E4D37 /* TokenResponse.swift */ = {isa = PBXFileReference; lastKnownFileType = sourcecode.swift; path = TokenResponse.swift; sourceTree = "<group>"; };
		3FF07C182B025AF3008E4D37 /* ApiClient.swift */ = {isa = PBXFileReference; lastKnownFileType = sourcecode.swift; path = ApiClient.swift; sourceTree = "<group>"; };
		3FF07C1A2B025B5F008E4D37 /* NetworkConstants.swift */ = {isa = PBXFileReference; lastKnownFileType = sourcecode.swift; path = NetworkConstants.swift; sourceTree = "<group>"; };
		3FF07C1C2B025CB4008E4D37 /* ApiError.swift */ = {isa = PBXFileReference; lastKnownFileType = sourcecode.swift; path = ApiError.swift; sourceTree = "<group>"; };
		3FF07C1E2B02601B008E4D37 /* AuthApiClient.swift */ = {isa = PBXFileReference; lastKnownFileType = sourcecode.swift; path = AuthApiClient.swift; sourceTree = "<group>"; };
		3FF07C222B05077D008E4D37 /* RegistrationApiClient.swift */ = {isa = PBXFileReference; lastKnownFileType = sourcecode.swift; path = RegistrationApiClient.swift; sourceTree = "<group>"; };
		3FF07C242B051492008E4D37 /* User.swift */ = {isa = PBXFileReference; lastKnownFileType = sourcecode.swift; path = User.swift; sourceTree = "<group>"; };
		3FF07C262B052382008E4D37 /* LocationApiClient.swift */ = {isa = PBXFileReference; lastKnownFileType = sourcecode.swift; path = LocationApiClient.swift; sourceTree = "<group>"; };
		3FF07C352B052F04008E4D37 /* Character.swift */ = {isa = PBXFileReference; lastKnownFileType = sourcecode.swift; path = Character.swift; sourceTree = "<group>"; };
		3FF07C372B05304D008E4D37 /* CharacterApiClient.swift */ = {isa = PBXFileReference; lastKnownFileType = sourcecode.swift; path = CharacterApiClient.swift; sourceTree = "<group>"; };
		3FF07C492B053B65008E4D37 /* LocationViewController.swift */ = {isa = PBXFileReference; lastKnownFileType = sourcecode.swift; path = LocationViewController.swift; sourceTree = "<group>"; };
		3FF07C4B2B053B8A008E4D37 /* LocationView.swift */ = {isa = PBXFileReference; lastKnownFileType = sourcecode.swift; path = LocationView.swift; sourceTree = "<group>"; };
		3FF07C4D2B053BAB008E4D37 /* LocationDataProvider.swift */ = {isa = PBXFileReference; lastKnownFileType = sourcecode.swift; path = LocationDataProvider.swift; sourceTree = "<group>"; };
		3FF07C4F2B053BC9008E4D37 /* LocationViewData.swift */ = {isa = PBXFileReference; lastKnownFileType = sourcecode.swift; path = LocationViewData.swift; sourceTree = "<group>"; };
		3FF07C512B053C07008E4D37 /* LocationAssembly.swift */ = {isa = PBXFileReference; lastKnownFileType = sourcecode.swift; path = LocationAssembly.swift; sourceTree = "<group>"; };
		3FF07C532B053C28008E4D37 /* LocationCoordinator.swift */ = {isa = PBXFileReference; lastKnownFileType = sourcecode.swift; path = LocationCoordinator.swift; sourceTree = "<group>"; };
		3FF07C562B064095008E4D37 /* BaseViewController.swift */ = {isa = PBXFileReference; lastKnownFileType = sourcecode.swift; path = BaseViewController.swift; sourceTree = "<group>"; };
		3FF07C592B0642E8008E4D37 /* AuthViewImp.xib */ = {isa = PBXFileReference; lastKnownFileType = file.xib; path = AuthViewImp.xib; sourceTree = "<group>"; };
		3FF07C602B0CF6CE008E4D37 /* BaseCoordinator.swift */ = {isa = PBXFileReference; fileEncoding = 4; lastKnownFileType = sourcecode.swift; path = BaseCoordinator.swift; sourceTree = "<group>"; };
/* End PBXFileReference section */

/* Begin PBXFrameworksBuildPhase section */
		3F2307382AE11A8F00D9223D /* Frameworks */ = {
			isa = PBXFrameworksBuildPhase;
			buildActionMask = 2147483647;
			files = (
				3F096CC82B0F9245002892CA /* SPIndicator in Frameworks */,
				3F096CCB2B0F9531002892CA /* PKHUD in Frameworks */,
				3F4916622B1E0160008022D4 /* KeychainAccess in Frameworks */,
			);
			runOnlyForDeploymentPostprocessing = 0;
		};
/* End PBXFrameworksBuildPhase section */

/* Begin PBXGroup section */
		3F01A8FB2B18CC590062BB7A /* Services */ = {
			isa = PBXGroup;
			children = (
				3F01A8FC2B18CC6C0062BB7A /* ImageService.swift */,
				3F4916632B1E0189008022D4 /* StorageManager.swift */,
			);
			path = Services;
			sourceTree = "<group>";
		};
		3F096CCC2B10DCDE002892CA /* Subviews */ = {
			isa = PBXGroup;
			children = (
				3F096CCF2B10DD40002892CA /* SplashViewImp.xib */,
			);
			path = Subviews;
			sourceTree = "<group>";
		};
		3F2307322AE11A8F00D9223D = {
			isa = PBXGroup;
			children = (
				3F23073D2AE11A8F00D9223D /* iosSchool_HH */,
				3F23073C2AE11A8F00D9223D /* Products */,
			);
			sourceTree = "<group>";
		};
		3F23073C2AE11A8F00D9223D /* Products */ = {
			isa = PBXGroup;
			children = (
				3F23073B2AE11A8F00D9223D /* iosSchool_HH.app */,
			);
			name = Products;
			sourceTree = "<group>";
		};
		3F23073D2AE11A8F00D9223D /* iosSchool_HH */ = {
			isa = PBXGroup;
			children = (
				3F4916722B21FA82008022D4 /* UIKit */,
				3F01A8FB2B18CC590062BB7A /* Services */,
				3F5D91CA2B14D79200492A6B /* Extensions */,
				3FF07C552B064069008E4D37 /* Common */,
				3FF07C172B025AE1008E4D37 /* ApiClient */,
				3FF07C102B025119008E4D37 /* Models */,
				3FF07BD62AF9222A008E4D37 /* Modules */,
				3F23073E2AE11A8F00D9223D /* AppDelegate.swift */,
				3F2307402AE11A8F00D9223D /* SceneDelegate.swift */,
				3F2307472AE11A9100D9223D /* Assets.xcassets */,
				3F2307492AE11A9100D9223D /* LaunchScreen.storyboard */,
				3F23074C2AE11A9100D9223D /* Info.plist */,
				3FE4F5B82AEAA5CB00E38AF7 /* Assembly.swift */,
				3FF07BD42AF91942008E4D37 /* AppCoordinator.swift */,
			);
			path = iosSchool_HH;
			sourceTree = "<group>";
		};
		3F4916722B21FA82008022D4 /* UIKit */ = {
			isa = PBXGroup;
			children = (
				3F4916752B21FAC5008022D4 /* CollectionView */,
				3F4916732B21FAA0008022D4 /* RootTab.swift */,
			);
			path = UIKit;
			sourceTree = "<group>";
		};
		3F4916752B21FAC5008022D4 /* CollectionView */ = {
			isa = PBXGroup;
			children = (
				3F4916782B21FB29008022D4 /* CoreCellInputData.swift */,
				3F49167A2B21FB2A008022D4 /* CoreCellView.swift */,
				3F4916762B21FB29008022D4 /* CoreNibReusable.swift */,
				3F4916772B21FB29008022D4 /* CoreReusableView.swift */,
				3F4916792B21FB29008022D4 /* EmptyReusableView.swift */,
				3F4916802B21FB4A008022D4 /* CoreSection.swift */,
				3F4916822B21FCC8008022D4 /* Section.swift */,
			);
			path = CollectionView;
			sourceTree = "<group>";
		};
		3F4916E42B25CC89008022D4 /* Character */ = {
			isa = PBXGroup;
			children = (
				3F4916E82B25CC89008022D4 /* Subviews */,
				3F4916E52B25CC89008022D4 /* CharacterViewData.swift */,
				3F4916E62B25CC89008022D4 /* CharacterAssembly.swift */,
				3F4916E72B25CC89008022D4 /* CharacterView.swift */,
				3F4916EC2B25CC89008022D4 /* CharacterDataProvider.swift */,
				3F4916ED2B25CC89008022D4 /* CharacterCoordinator.swift */,
				3F4916EE2B25CC89008022D4 /* CharacterViewController.swift */,
			);
			path = Character;
			sourceTree = "<group>";
		};
		3F4916E82B25CC89008022D4 /* Subviews */ = {
			isa = PBXGroup;
			children = (
				3F4916E92B25CC89008022D4 /* CharacterCell.xib */,
				3F4916EA2B25CC89008022D4 /* CharacterCellData.swift */,
				3F4916EB2B25CC89008022D4 /* CharacterCell.swift */,
			);
			path = Subviews;
			sourceTree = "<group>";
		};
		3F4916F82B2A1DAE008022D4 /* Person */ = {
			isa = PBXGroup;
			children = (
				3F4917072B2B304E008022D4 /* Subviews */,
				3F4916F92B2A1DD5008022D4 /* PersonViewController.swift */,
				3F4916FB2B2A1DE5008022D4 /* PersonViewData.swift */,
				3F4916FD2B2A1DF3008022D4 /* PersonView.swift */,
				3F4916FF2B2A1E00008022D4 /* PersonDataProvider.swift */,
				3F4917012B2A1E0F008022D4 /* PersonAssembly.swift */,
				3F4917032B2A1E20008022D4 /* PersonCoordinator.swift */,
			);
			path = Person;
			sourceTree = "<group>";
		};
		3F4917072B2B304E008022D4 /* Subviews */ = {
			isa = PBXGroup;
			children = (
				3F4917082B2B308C008022D4 /* PersonPhotoCell.swift */,
				3F4917092B2B308C008022D4 /* PersonPhotoCell.xib */,
				3F49170C2B2B3143008022D4 /* PersonPhotoCellData.swift */,
				3F4917102B2B3C16008022D4 /* PersonEpisodeCell.swift */,
				3F4917112B2B3C16008022D4 /* PersonEpisodeCell.xib */,
				3F4917142B2B3CCD008022D4 /* PersonEpisodeCellData.swift */,
				3F4917182B2B4301008022D4 /* PersonHeaderView.swift */,
				3F4917192B2B4301008022D4 /* PersonHeaderView.xib */,
				3F49171C2B2B437C008022D4 /* PersonHeaderViewData.swift */,
			);
			path = Subviews;
			sourceTree = "<group>";
		};
		3F55A4ED2B2F7F8400FE5024 /* Profile */ = {
			isa = PBXGroup;
			children = (
				3FBD4E1E2B30184400864BBF /* Subviews */,
				3F55A4EE2B2F7F9B00FE5024 /* ProfileViewController.swift */,
				3F55A4F02B2F7FA600FE5024 /* ProfileView.swift */,
				3F55A4F22B2F7FB500FE5024 /* ProfileViewData.swift */,
				3F55A4F42B2F7FC400FE5024 /* ProfileDataProvider.swift */,
				3F55A4F62B2F7FCF00FE5024 /* ProfileAssembly.swift */,
				3F55A4F82B2F7FE200FE5024 /* ProfileCoordinator.swift */,
			);
			path = Profile;
			sourceTree = "<group>";
		};
		3F5D91C32B14D1C200492A6B /* Subviews */ = {
			isa = PBXGroup;
			children = (
				3F5D91C42B14D1FE00492A6B /* LocationCell.swift */,
				3F5D91C52B14D1FE00492A6B /* LocationCell.xib */,
				3F5D91C82B14D4D800492A6B /* LocationCellData.swift */,
			);
			path = Subviews;
			sourceTree = "<group>";
		};
		3F5D91CA2B14D79200492A6B /* Extensions */ = {
			isa = PBXGroup;
			children = (
				3F5D91CB2B14D7AF00492A6B /* NSObject+ClassName.swift */,
				3F4916842B21FD63008022D4 /* UICollectionView+Registrate.swift */,
				3F4917162B2B429C008022D4 /* NSCollectionLayoutSection+SupplementaryItem.swift */,
			);
			path = Extensions;
			sourceTree = "<group>";
		};
		3FBD4E1E2B30184400864BBF /* Subviews */ = {
			isa = PBXGroup;
			children = (
				3FBD4E1F2B30186400864BBF /* ProfilePhotoCellData.swift */,
				3FBD4E212B3018AA00864BBF /* ProfilePhotoCell.swift */,
				3FBD4E222B3018AA00864BBF /* ProfilePhotoCell.xib */,
				3FBD4E252B30667700864BBF /* ProfileLoginCellData.swift */,
				3FBD4E292B3066A800864BBF /* ProfileLoginCell.swift */,
				3FBD4E2A2B3066A800864BBF /* ProfileLoginCell.xib */,
				3FBD4E312B307D2500864BBF /* ProfileInfoCellData.swift */,
				3FBD4E332B307D3E00864BBF /* ProfileInfoCell.swift */,
				3FBD4E342B307D3E00864BBF /* ProfileInfoCell.xib */,
				3FBD4E372B3088BC00864BBF /* ProfileButtonCellData.swift */,
				3FBD4E392B3088D800864BBF /* ProfileButtonCell.swift */,
				3FBD4E3A2B3088D800864BBF /* ProfileButtonCell.xib */,
			);
			path = Subviews;
			sourceTree = "<group>";
		};
		3FF07BD62AF9222A008E4D37 /* Modules */ = {
			isa = PBXGroup;
			children = (
				3F55A4ED2B2F7F8400FE5024 /* Profile */,
				3F4916F82B2A1DAE008022D4 /* Person */,
				3F4916E42B25CC89008022D4 /* Character */,
				3FF07C482B053B50008E4D37 /* Location */,
				3FF07C022B022013008E4D37 /* Splash */,
				3FF07BE42AFCDCDF008E4D37 /* Registration */,
				3FF07BD72AF92253008E4D37 /* Auth */,
			);
			path = Modules;
			sourceTree = "<group>";
		};
		3FF07BD72AF92253008E4D37 /* Auth */ = {
			isa = PBXGroup;
			children = (
				3FF07C582B0642C9008E4D37 /* Subviews */,
				3FF07BD82AF922E2008E4D37 /* AuthViewController.swift */,
				3FF07BDA2AF9230B008E4D37 /* AuthView.swift */,
				3FF07BDC2AF9242C008E4D37 /* AuthViewData.swift */,
				3FF07BDE2AF92450008E4D37 /* AuthDataProvider.swift */,
				3FF07BE02AF92499008E4D37 /* AuthAssembly.swift */,
				3FF07BE22AF92615008E4D37 /* AuthCoordinator.swift */,
			);
			path = Auth;
			sourceTree = "<group>";
		};
		3FF07BE42AFCDCDF008E4D37 /* Registration */ = {
			isa = PBXGroup;
			children = (
				3FF07C622B0D213C008E4D37 /* Subviews */,
				3FF07BE52AFCDD11008E4D37 /* RegistrationViewController.swift */,
				3FF07BE72AFCDD9A008E4D37 /* RegistrationView.swift */,
				3FF07BE92AFCDE56008E4D37 /* RegistrationViewData.swift */,
				3FF07BEB2AFCDE9A008E4D37 /* RegistrationDataProvider.swift */,
				3FF07BED2AFCDF19008E4D37 /* RegistrationAssembly.swift */,
				3FF07BEF2AFCDFEC008E4D37 /* RegistrationCoordinator.swift */,
			);
			path = Registration;
			sourceTree = "<group>";
		};
		3FF07C022B022013008E4D37 /* Splash */ = {
			isa = PBXGroup;
			children = (
				3F096CCC2B10DCDE002892CA /* Subviews */,
				3FF07C032B022028008E4D37 /* SplashViewController.swift */,
				3FF07C052B022037008E4D37 /* SplashView.swift */,
				3FF07C072B02204F008E4D37 /* SplashViewData.swift */,
				3FF07C092B02205E008E4D37 /* SplashDataProvider.swift */,
				3FF07C0C2B022080008E4D37 /* SplashAssembly.swift */,
				3FF07C0E2B022099008E4D37 /* SplashCoordinator.swift */,
			);
			path = Splash;
			sourceTree = "<group>";
		};
		3FF07C102B025119008E4D37 /* Models */ = {
			isa = PBXGroup;
			children = (
				3FF07C112B025150008E4D37 /* Location.swift */,
				3FF07C132B0259B4008E4D37 /* LocationsList.swift */,
				3FF07C152B025A3A008E4D37 /* TokenResponse.swift */,
				3FF07C242B051492008E4D37 /* User.swift */,
				3FF07C352B052F04008E4D37 /* Character.swift */,
				3F55A4EB2B2F588400FE5024 /* Episode.swift */,
				3FBD4E2F2B3078EB00864BBF /* Profile.swift */,
			);
			path = Models;
			sourceTree = "<group>";
		};
		3FF07C172B025AE1008E4D37 /* ApiClient */ = {
			isa = PBXGroup;
			children = (
				3FF07C182B025AF3008E4D37 /* ApiClient.swift */,
				3FF07C1A2B025B5F008E4D37 /* NetworkConstants.swift */,
				3FF07C1C2B025CB4008E4D37 /* ApiError.swift */,
				3FF07C1E2B02601B008E4D37 /* AuthApiClient.swift */,
				3FF07C222B05077D008E4D37 /* RegistrationApiClient.swift */,
				3FF07C262B052382008E4D37 /* LocationApiClient.swift */,
				3FF07C372B05304D008E4D37 /* CharacterApiClient.swift */,
				3F4917052B2A2030008022D4 /* PersonApiClient.swift */,
				3FBD4E2D2B306EA000864BBF /* ProfileApiClient.swift */,
			);
			path = ApiClient;
			sourceTree = "<group>";
		};
		3FF07C482B053B50008E4D37 /* Location */ = {
			isa = PBXGroup;
			children = (
				3F5D91C32B14D1C200492A6B /* Subviews */,
				3FF07C492B053B65008E4D37 /* LocationViewController.swift */,
				3FF07C4B2B053B8A008E4D37 /* LocationView.swift */,
				3FF07C4D2B053BAB008E4D37 /* LocationDataProvider.swift */,
				3FF07C4F2B053BC9008E4D37 /* LocationViewData.swift */,
				3FF07C512B053C07008E4D37 /* LocationAssembly.swift */,
				3FF07C532B053C28008E4D37 /* LocationCoordinator.swift */,
			);
			path = Location;
			sourceTree = "<group>";
		};
		3FF07C552B064069008E4D37 /* Common */ = {
			isa = PBXGroup;
			children = (
				3FF07C562B064095008E4D37 /* BaseViewController.swift */,
				3FF07C602B0CF6CE008E4D37 /* BaseCoordinator.swift */,
				3F096CBF2B0F8841002892CA /* TabBarController.swift */,
				3F096CC42B0F8943002892CA /* BaseNavigationController.swift */,
			);
			path = Common;
			sourceTree = "<group>";
		};
		3FF07C582B0642C9008E4D37 /* Subviews */ = {
			isa = PBXGroup;
			children = (
				3FF07C592B0642E8008E4D37 /* AuthViewImp.xib */,
			);
			path = Subviews;
			sourceTree = "<group>";
		};
		3FF07C622B0D213C008E4D37 /* Subviews */ = {
			isa = PBXGroup;
			children = (
				3F096CBD2B0D23ED002892CA /* RegistrationViewImp.xib */,
			);
			path = Subviews;
			sourceTree = "<group>";
		};
/* End PBXGroup section */

/* Begin PBXNativeTarget section */
		3F23073A2AE11A8F00D9223D /* iosSchool_HH */ = {
			isa = PBXNativeTarget;
			buildConfigurationList = 3F23074F2AE11A9100D9223D /* Build configuration list for PBXNativeTarget "iosSchool_HH" */;
			buildPhases = (
				3F2307372AE11A8F00D9223D /* Sources */,
				3F2307382AE11A8F00D9223D /* Frameworks */,
				3F2307392AE11A8F00D9223D /* Resources */,
				3F071B8E2AE6ADCC0002BEB5 /* swiftlint */,
			);
			buildRules = (
			);
			dependencies = (
			);
			name = iosSchool_HH;
			packageProductDependencies = (
				3F096CC72B0F9245002892CA /* SPIndicator */,
				3F096CCA2B0F9531002892CA /* PKHUD */,
				3F4916612B1E0160008022D4 /* KeychainAccess */,
			);
			productName = iosSchool_HH;
			productReference = 3F23073B2AE11A8F00D9223D /* iosSchool_HH.app */;
			productType = "com.apple.product-type.application";
		};
/* End PBXNativeTarget section */

/* Begin PBXProject section */
		3F2307332AE11A8F00D9223D /* Project object */ = {
			isa = PBXProject;
			attributes = {
				BuildIndependentTargetsInParallel = 1;
				LastSwiftUpdateCheck = 1500;
				LastUpgradeCheck = 1500;
				TargetAttributes = {
					3F23073A2AE11A8F00D9223D = {
						CreatedOnToolsVersion = 15.0;
					};
				};
			};
			buildConfigurationList = 3F2307362AE11A8F00D9223D /* Build configuration list for PBXProject "iosSchool_HH" */;
			compatibilityVersion = "Xcode 14.0";
			developmentRegion = en;
			hasScannedForEncodings = 0;
			knownRegions = (
				en,
				Base,
			);
			mainGroup = 3F2307322AE11A8F00D9223D;
			packageReferences = (
				3F096CC62B0F9245002892CA /* XCRemoteSwiftPackageReference "SPIndicator" */,
				3F096CC92B0F9531002892CA /* XCRemoteSwiftPackageReference "PKHUD" */,
				3F4916602B1E0160008022D4 /* XCRemoteSwiftPackageReference "KeychainAccess" */,
			);
			productRefGroup = 3F23073C2AE11A8F00D9223D /* Products */;
			projectDirPath = "";
			projectRoot = "";
			targets = (
				3F23073A2AE11A8F00D9223D /* iosSchool_HH */,
			);
		};
/* End PBXProject section */

/* Begin PBXResourcesBuildPhase section */
		3F2307392AE11A8F00D9223D /* Resources */ = {
			isa = PBXResourcesBuildPhase;
			buildActionMask = 2147483647;
			files = (
				3F49171B2B2B4301008022D4 /* PersonHeaderView.xib in Resources */,
				3F5D91C72B14D1FE00492A6B /* LocationCell.xib in Resources */,
				3F096CD02B10DD40002892CA /* SplashViewImp.xib in Resources */,
				3FBD4E3C2B3088D800864BBF /* ProfileButtonCell.xib in Resources */,
				3F23074B2AE11A9100D9223D /* LaunchScreen.storyboard in Resources */,
				3F096CBE2B0D23ED002892CA /* RegistrationViewImp.xib in Resources */,
				3FBD4E242B3018AA00864BBF /* ProfilePhotoCell.xib in Resources */,
				3F2307482AE11A9100D9223D /* Assets.xcassets in Resources */,
				3FBD4E2C2B3066A800864BBF /* ProfileLoginCell.xib in Resources */,
				3F4917132B2B3C16008022D4 /* PersonEpisodeCell.xib in Resources */,
				3F49170B2B2B308C008022D4 /* PersonPhotoCell.xib in Resources */,
				3FF07C5A2B0642E8008E4D37 /* AuthViewImp.xib in Resources */,
				3FBD4E362B307D3E00864BBF /* ProfileInfoCell.xib in Resources */,
				3F4916F22B25CC89008022D4 /* CharacterCell.xib in Resources */,
			);
			runOnlyForDeploymentPostprocessing = 0;
		};
/* End PBXResourcesBuildPhase section */

/* Begin PBXShellScriptBuildPhase section */
		3F071B8E2AE6ADCC0002BEB5 /* swiftlint */ = {
			isa = PBXShellScriptBuildPhase;
			buildActionMask = 2147483647;
			files = (
			);
			inputFileListPaths = (
			);
			inputPaths = (
			);
			name = swiftlint;
			outputFileListPaths = (
			);
			outputPaths = (
			);
			runOnlyForDeploymentPostprocessing = 0;
			shellPath = /bin/sh;
			shellScript = "if which swiftlint > /dev/null; then\n  swiftlint\nelse\n  echo \"warning: SwiftLint not installed\"\nfi\n";
		};
/* End PBXShellScriptBuildPhase section */

/* Begin PBXSourcesBuildPhase section */
		3F2307372AE11A8F00D9223D /* Sources */ = {
			isa = PBXSourcesBuildPhase;
			buildActionMask = 2147483647;
			files = (
				3F55A4F92B2F7FE200FE5024 /* ProfileCoordinator.swift in Sources */,
				3F4917062B2A2030008022D4 /* PersonApiClient.swift in Sources */,
				3F096CC52B0F8943002892CA /* BaseNavigationController.swift in Sources */,
				3FF07C0F2B022099008E4D37 /* SplashCoordinator.swift in Sources */,
				3FBD4E262B30667700864BBF /* ProfileLoginCellData.swift in Sources */,
				3FF07C062B022037008E4D37 /* SplashView.swift in Sources */,
				3F4916F42B25CC89008022D4 /* CharacterCell.swift in Sources */,
				3FF07C1F2B02601B008E4D37 /* AuthApiClient.swift in Sources */,
				3FF07C272B052382008E4D37 /* LocationApiClient.swift in Sources */,
				3FF07C382B05304D008E4D37 /* CharacterApiClient.swift in Sources */,
				3F49167E2B21FB2A008022D4 /* EmptyReusableView.swift in Sources */,
				3FF07C1B2B025B5F008E4D37 /* NetworkConstants.swift in Sources */,
				3F49171D2B2B437C008022D4 /* PersonHeaderViewData.swift in Sources */,
				3F4917152B2B3CCD008022D4 /* PersonEpisodeCellData.swift in Sources */,
				3F49167D2B21FB2A008022D4 /* CoreCellInputData.swift in Sources */,
				3F4916642B1E0189008022D4 /* StorageManager.swift in Sources */,
				3FE4F5B92AEAA5CB00E38AF7 /* Assembly.swift in Sources */,
				3F4916F02B25CC89008022D4 /* CharacterAssembly.swift in Sources */,
				3FF07C572B064095008E4D37 /* BaseViewController.swift in Sources */,
				3FF07BF02AFCDFEC008E4D37 /* RegistrationCoordinator.swift in Sources */,
				3F4916812B21FB4A008022D4 /* CoreSection.swift in Sources */,
				3F4916F62B25CC89008022D4 /* CharacterCoordinator.swift in Sources */,
				3FBD4E2B2B3066A800864BBF /* ProfileLoginCell.swift in Sources */,
				3F49170A2B2B308C008022D4 /* PersonPhotoCell.swift in Sources */,
				3F4916EF2B25CC89008022D4 /* CharacterViewData.swift in Sources */,
				3F4916FA2B2A1DD5008022D4 /* PersonViewController.swift in Sources */,
				3F23073F2AE11A8F00D9223D /* AppDelegate.swift in Sources */,
				3FF07BE32AF92615008E4D37 /* AuthCoordinator.swift in Sources */,
				3F5D91CC2B14D7AF00492A6B /* NSObject+ClassName.swift in Sources */,
				3F55A4EC2B2F588400FE5024 /* Episode.swift in Sources */,
				3F55A4F52B2F7FC400FE5024 /* ProfileDataProvider.swift in Sources */,
				3F4917042B2A1E20008022D4 /* PersonCoordinator.swift in Sources */,
				3FF07C542B053C28008E4D37 /* LocationCoordinator.swift in Sources */,
				3F4916F12B25CC89008022D4 /* CharacterView.swift in Sources */,
				3F4916FC2B2A1DE5008022D4 /* PersonViewData.swift in Sources */,
				3FF07C502B053BC9008E4D37 /* LocationViewData.swift in Sources */,
				3FF07C4A2B053B65008E4D37 /* LocationViewController.swift in Sources */,
				3F49167C2B21FB2A008022D4 /* CoreReusableView.swift in Sources */,
				3FF07C362B052F04008E4D37 /* Character.swift in Sources */,
				3F4917022B2A1E0F008022D4 /* PersonAssembly.swift in Sources */,
				3FF07BEE2AFCDF19008E4D37 /* RegistrationAssembly.swift in Sources */,
				3F4917122B2B3C16008022D4 /* PersonEpisodeCell.swift in Sources */,
				3F49167F2B21FB2A008022D4 /* CoreCellView.swift in Sources */,
				3F55A4F12B2F7FA600FE5024 /* ProfileView.swift in Sources */,
				3FF07C0D2B022080008E4D37 /* SplashAssembly.swift in Sources */,
				3FF07BD52AF91942008E4D37 /* AppCoordinator.swift in Sources */,
				3FF07C252B051492008E4D37 /* User.swift in Sources */,
				3FBD4E202B30186400864BBF /* ProfilePhotoCellData.swift in Sources */,
				3FF07C232B05077D008E4D37 /* RegistrationApiClient.swift in Sources */,
				3F55A4EF2B2F7F9B00FE5024 /* ProfileViewController.swift in Sources */,
				3FF07C1D2B025CB4008E4D37 /* ApiError.swift in Sources */,
				3FBD4E382B3088BC00864BBF /* ProfileButtonCellData.swift in Sources */,
				3F55A4F32B2F7FB500FE5024 /* ProfileViewData.swift in Sources */,
				3FF07BE82AFCDD9A008E4D37 /* RegistrationView.swift in Sources */,
				3F49171A2B2B4301008022D4 /* PersonHeaderView.swift in Sources */,
				3FBD4E302B3078EB00864BBF /* Profile.swift in Sources */,
				3FBD4E3B2B3088D800864BBF /* ProfileButtonCell.swift in Sources */,
				3FF07C162B025A3A008E4D37 /* TokenResponse.swift in Sources */,
				3F4916742B21FAA0008022D4 /* RootTab.swift in Sources */,
				3FF07C0A2B02205E008E4D37 /* SplashDataProvider.swift in Sources */,
				3FF07BDD2AF9242C008E4D37 /* AuthViewData.swift in Sources */,
				3FF07BDB2AF9230B008E4D37 /* AuthView.swift in Sources */,
				3F55A4F72B2F7FCF00FE5024 /* ProfileAssembly.swift in Sources */,
				3F5D91C92B14D4D800492A6B /* LocationCellData.swift in Sources */,
				3FF07C612B0CF6CE008E4D37 /* BaseCoordinator.swift in Sources */,
				3FF07C042B022028008E4D37 /* SplashViewController.swift in Sources */,
				3FF07BDF2AF92450008E4D37 /* AuthDataProvider.swift in Sources */,
				3FF07C122B025150008E4D37 /* Location.swift in Sources */,
				3FF07C082B02204F008E4D37 /* SplashViewData.swift in Sources */,
				3F01A8FD2B18CC6C0062BB7A /* ImageService.swift in Sources */,
				3FF07C522B053C07008E4D37 /* LocationAssembly.swift in Sources */,
				3FF07C4E2B053BAB008E4D37 /* LocationDataProvider.swift in Sources */,
				3F4916F52B25CC89008022D4 /* CharacterDataProvider.swift in Sources */,
				3FF07BE62AFCDD11008E4D37 /* RegistrationViewController.swift in Sources */,
				3FBD4E322B307D2500864BBF /* ProfileInfoCellData.swift in Sources */,
				3FF07C4C2B053B8A008E4D37 /* LocationView.swift in Sources */,
				3F49170D2B2B3143008022D4 /* PersonPhotoCellData.swift in Sources */,
				3FBD4E2E2B306EA000864BBF /* ProfileApiClient.swift in Sources */,
				3FBD4E352B307D3E00864BBF /* ProfileInfoCell.swift in Sources */,
				3F4916FE2B2A1DF3008022D4 /* PersonView.swift in Sources */,
				3F4916F72B25CC89008022D4 /* CharacterViewController.swift in Sources */,
				3F49167B2B21FB2A008022D4 /* CoreNibReusable.swift in Sources */,
				3FF07C142B0259B4008E4D37 /* LocationsList.swift in Sources */,
				3F096CC02B0F8841002892CA /* TabBarController.swift in Sources */,
				3F4917002B2A1E00008022D4 /* PersonDataProvider.swift in Sources */,
				3FBD4E232B3018AA00864BBF /* ProfilePhotoCell.swift in Sources */,
				3FF07BD92AF922E2008E4D37 /* AuthViewController.swift in Sources */,
				3F2307412AE11A8F00D9223D /* SceneDelegate.swift in Sources */,
				3F5D91C62B14D1FE00492A6B /* LocationCell.swift in Sources */,
				3FF07BEC2AFCDE9A008E4D37 /* RegistrationDataProvider.swift in Sources */,
				3F4917172B2B429C008022D4 /* NSCollectionLayoutSection+SupplementaryItem.swift in Sources */,
				3F4916F32B25CC89008022D4 /* CharacterCellData.swift in Sources */,
				3FF07BE12AF92499008E4D37 /* AuthAssembly.swift in Sources */,
				3F4916832B21FCC8008022D4 /* Section.swift in Sources */,
				3FF07BEA2AFCDE56008E4D37 /* RegistrationViewData.swift in Sources */,
				3FF07C192B025AF3008E4D37 /* ApiClient.swift in Sources */,
				3F4916852B21FD63008022D4 /* UICollectionView+Registrate.swift in Sources */,
			);
			runOnlyForDeploymentPostprocessing = 0;
		};
/* End PBXSourcesBuildPhase section */

/* Begin PBXVariantGroup section */
		3F2307492AE11A9100D9223D /* LaunchScreen.storyboard */ = {
			isa = PBXVariantGroup;
			children = (
				3F23074A2AE11A9100D9223D /* Base */,
			);
			name = LaunchScreen.storyboard;
			sourceTree = "<group>";
		};
/* End PBXVariantGroup section */

/* Begin XCBuildConfiguration section */
		3F23074D2AE11A9100D9223D /* Debug */ = {
			isa = XCBuildConfiguration;
			buildSettings = {
				ALWAYS_SEARCH_USER_PATHS = NO;
				ASSETCATALOG_COMPILER_GENERATE_SWIFT_ASSET_SYMBOL_EXTENSIONS = YES;
				CLANG_ANALYZER_NONNULL = YES;
				CLANG_ANALYZER_NUMBER_OBJECT_CONVERSION = YES_AGGRESSIVE;
				CLANG_CXX_LANGUAGE_STANDARD = "gnu++20";
				CLANG_ENABLE_MODULES = YES;
				CLANG_ENABLE_OBJC_ARC = YES;
				CLANG_ENABLE_OBJC_WEAK = YES;
				CLANG_WARN_BLOCK_CAPTURE_AUTORELEASING = YES;
				CLANG_WARN_BOOL_CONVERSION = YES;
				CLANG_WARN_COMMA = YES;
				CLANG_WARN_CONSTANT_CONVERSION = YES;
				CLANG_WARN_DEPRECATED_OBJC_IMPLEMENTATIONS = YES;
				CLANG_WARN_DIRECT_OBJC_ISA_USAGE = YES_ERROR;
				CLANG_WARN_DOCUMENTATION_COMMENTS = YES;
				CLANG_WARN_EMPTY_BODY = YES;
				CLANG_WARN_ENUM_CONVERSION = YES;
				CLANG_WARN_INFINITE_RECURSION = YES;
				CLANG_WARN_INT_CONVERSION = YES;
				CLANG_WARN_NON_LITERAL_NULL_CONVERSION = YES;
				CLANG_WARN_OBJC_IMPLICIT_RETAIN_SELF = YES;
				CLANG_WARN_OBJC_LITERAL_CONVERSION = YES;
				CLANG_WARN_OBJC_ROOT_CLASS = YES_ERROR;
				CLANG_WARN_QUOTED_INCLUDE_IN_FRAMEWORK_HEADER = YES;
				CLANG_WARN_RANGE_LOOP_ANALYSIS = YES;
				CLANG_WARN_STRICT_PROTOTYPES = YES;
				CLANG_WARN_SUSPICIOUS_MOVE = YES;
				CLANG_WARN_UNGUARDED_AVAILABILITY = YES_AGGRESSIVE;
				CLANG_WARN_UNREACHABLE_CODE = YES;
				CLANG_WARN__DUPLICATE_METHOD_MATCH = YES;
				COPY_PHASE_STRIP = NO;
				DEBUG_INFORMATION_FORMAT = dwarf;
				ENABLE_STRICT_OBJC_MSGSEND = YES;
				ENABLE_TESTABILITY = YES;
				ENABLE_USER_SCRIPT_SANDBOXING = YES;
				GCC_C_LANGUAGE_STANDARD = gnu17;
				GCC_DYNAMIC_NO_PIC = NO;
				GCC_NO_COMMON_BLOCKS = YES;
				GCC_OPTIMIZATION_LEVEL = 0;
				GCC_PREPROCESSOR_DEFINITIONS = (
					"DEBUG=1",
					"$(inherited)",
				);
				GCC_WARN_64_TO_32_BIT_CONVERSION = YES;
				GCC_WARN_ABOUT_RETURN_TYPE = YES_ERROR;
				GCC_WARN_UNDECLARED_SELECTOR = YES;
				GCC_WARN_UNINITIALIZED_AUTOS = YES_AGGRESSIVE;
				GCC_WARN_UNUSED_FUNCTION = YES;
				GCC_WARN_UNUSED_VARIABLE = YES;
				IPHONEOS_DEPLOYMENT_TARGET = 17.0;
				LOCALIZATION_PREFERS_STRING_CATALOGS = YES;
				MTL_ENABLE_DEBUG_INFO = INCLUDE_SOURCE;
				MTL_FAST_MATH = YES;
				ONLY_ACTIVE_ARCH = YES;
				SDKROOT = iphoneos;
				SWIFT_ACTIVE_COMPILATION_CONDITIONS = "DEBUG $(inherited)";
				SWIFT_OPTIMIZATION_LEVEL = "-Onone";
			};
			name = Debug;
		};
		3F23074E2AE11A9100D9223D /* Release */ = {
			isa = XCBuildConfiguration;
			buildSettings = {
				ALWAYS_SEARCH_USER_PATHS = NO;
				ASSETCATALOG_COMPILER_GENERATE_SWIFT_ASSET_SYMBOL_EXTENSIONS = YES;
				CLANG_ANALYZER_NONNULL = YES;
				CLANG_ANALYZER_NUMBER_OBJECT_CONVERSION = YES_AGGRESSIVE;
				CLANG_CXX_LANGUAGE_STANDARD = "gnu++20";
				CLANG_ENABLE_MODULES = YES;
				CLANG_ENABLE_OBJC_ARC = YES;
				CLANG_ENABLE_OBJC_WEAK = YES;
				CLANG_WARN_BLOCK_CAPTURE_AUTORELEASING = YES;
				CLANG_WARN_BOOL_CONVERSION = YES;
				CLANG_WARN_COMMA = YES;
				CLANG_WARN_CONSTANT_CONVERSION = YES;
				CLANG_WARN_DEPRECATED_OBJC_IMPLEMENTATIONS = YES;
				CLANG_WARN_DIRECT_OBJC_ISA_USAGE = YES_ERROR;
				CLANG_WARN_DOCUMENTATION_COMMENTS = YES;
				CLANG_WARN_EMPTY_BODY = YES;
				CLANG_WARN_ENUM_CONVERSION = YES;
				CLANG_WARN_INFINITE_RECURSION = YES;
				CLANG_WARN_INT_CONVERSION = YES;
				CLANG_WARN_NON_LITERAL_NULL_CONVERSION = YES;
				CLANG_WARN_OBJC_IMPLICIT_RETAIN_SELF = YES;
				CLANG_WARN_OBJC_LITERAL_CONVERSION = YES;
				CLANG_WARN_OBJC_ROOT_CLASS = YES_ERROR;
				CLANG_WARN_QUOTED_INCLUDE_IN_FRAMEWORK_HEADER = YES;
				CLANG_WARN_RANGE_LOOP_ANALYSIS = YES;
				CLANG_WARN_STRICT_PROTOTYPES = YES;
				CLANG_WARN_SUSPICIOUS_MOVE = YES;
				CLANG_WARN_UNGUARDED_AVAILABILITY = YES_AGGRESSIVE;
				CLANG_WARN_UNREACHABLE_CODE = YES;
				CLANG_WARN__DUPLICATE_METHOD_MATCH = YES;
				COPY_PHASE_STRIP = NO;
				DEBUG_INFORMATION_FORMAT = "dwarf-with-dsym";
				ENABLE_NS_ASSERTIONS = NO;
				ENABLE_STRICT_OBJC_MSGSEND = YES;
				ENABLE_USER_SCRIPT_SANDBOXING = YES;
				GCC_C_LANGUAGE_STANDARD = gnu17;
				GCC_NO_COMMON_BLOCKS = YES;
				GCC_WARN_64_TO_32_BIT_CONVERSION = YES;
				GCC_WARN_ABOUT_RETURN_TYPE = YES_ERROR;
				GCC_WARN_UNDECLARED_SELECTOR = YES;
				GCC_WARN_UNINITIALIZED_AUTOS = YES_AGGRESSIVE;
				GCC_WARN_UNUSED_FUNCTION = YES;
				GCC_WARN_UNUSED_VARIABLE = YES;
				IPHONEOS_DEPLOYMENT_TARGET = 17.0;
				LOCALIZATION_PREFERS_STRING_CATALOGS = YES;
				MTL_ENABLE_DEBUG_INFO = NO;
				MTL_FAST_MATH = YES;
				SDKROOT = iphoneos;
				SWIFT_COMPILATION_MODE = wholemodule;
				VALIDATE_PRODUCT = YES;
			};
			name = Release;
		};
		3F2307502AE11A9100D9223D /* Debug */ = {
			isa = XCBuildConfiguration;
			buildSettings = {
				ASSETCATALOG_COMPILER_APPICON_NAME = AppIcon;
				ASSETCATALOG_COMPILER_GLOBAL_ACCENT_COLOR_NAME = AccentColor;
				CODE_SIGN_STYLE = Automatic;
				CURRENT_PROJECT_VERSION = 1;
				DEVELOPMENT_TEAM = BXYB74VNZ7;
				ENABLE_USER_SCRIPT_SANDBOXING = NO;
				GENERATE_INFOPLIST_FILE = YES;
				INFOPLIST_FILE = iosSchool_HH/Info.plist;
				INFOPLIST_KEY_UIApplicationSupportsIndirectInputEvents = YES;
				INFOPLIST_KEY_UILaunchStoryboardName = LaunchScreen;
				INFOPLIST_KEY_UISupportedInterfaceOrientations_iPad = "UIInterfaceOrientationPortrait UIInterfaceOrientationPortraitUpsideDown UIInterfaceOrientationLandscapeLeft UIInterfaceOrientationLandscapeRight";
				INFOPLIST_KEY_UISupportedInterfaceOrientations_iPhone = "UIInterfaceOrientationPortrait UIInterfaceOrientationLandscapeLeft UIInterfaceOrientationLandscapeRight";
				LD_RUNPATH_SEARCH_PATHS = (
					"$(inherited)",
					"@executable_path/Frameworks",
				);
				MARKETING_VERSION = 1.0;
				PRODUCT_BUNDLE_IDENTIFIER = "heads-hands.iosSchool-HH";
				PRODUCT_NAME = "$(TARGET_NAME)";
				SWIFT_EMIT_LOC_STRINGS = YES;
				SWIFT_VERSION = 5.0;
				TARGETED_DEVICE_FAMILY = "1,2";
			};
			name = Debug;
		};
		3F2307512AE11A9100D9223D /* Release */ = {
			isa = XCBuildConfiguration;
			buildSettings = {
				ASSETCATALOG_COMPILER_APPICON_NAME = AppIcon;
				ASSETCATALOG_COMPILER_GLOBAL_ACCENT_COLOR_NAME = AccentColor;
				CODE_SIGN_STYLE = Automatic;
				CURRENT_PROJECT_VERSION = 1;
				DEVELOPMENT_TEAM = BXYB74VNZ7;
				ENABLE_USER_SCRIPT_SANDBOXING = NO;
				GENERATE_INFOPLIST_FILE = YES;
				INFOPLIST_FILE = iosSchool_HH/Info.plist;
				INFOPLIST_KEY_UIApplicationSupportsIndirectInputEvents = YES;
				INFOPLIST_KEY_UILaunchStoryboardName = LaunchScreen;
				INFOPLIST_KEY_UISupportedInterfaceOrientations_iPad = "UIInterfaceOrientationPortrait UIInterfaceOrientationPortraitUpsideDown UIInterfaceOrientationLandscapeLeft UIInterfaceOrientationLandscapeRight";
				INFOPLIST_KEY_UISupportedInterfaceOrientations_iPhone = "UIInterfaceOrientationPortrait UIInterfaceOrientationLandscapeLeft UIInterfaceOrientationLandscapeRight";
				LD_RUNPATH_SEARCH_PATHS = (
					"$(inherited)",
					"@executable_path/Frameworks",
				);
				MARKETING_VERSION = 1.0;
				PRODUCT_BUNDLE_IDENTIFIER = "heads-hands.iosSchool-HH";
				PRODUCT_NAME = "$(TARGET_NAME)";
				SWIFT_EMIT_LOC_STRINGS = YES;
				SWIFT_VERSION = 5.0;
				TARGETED_DEVICE_FAMILY = "1,2";
			};
			name = Release;
		};
/* End XCBuildConfiguration section */

/* Begin XCConfigurationList section */
		3F2307362AE11A8F00D9223D /* Build configuration list for PBXProject "iosSchool_HH" */ = {
			isa = XCConfigurationList;
			buildConfigurations = (
				3F23074D2AE11A9100D9223D /* Debug */,
				3F23074E2AE11A9100D9223D /* Release */,
			);
			defaultConfigurationIsVisible = 0;
			defaultConfigurationName = Release;
		};
		3F23074F2AE11A9100D9223D /* Build configuration list for PBXNativeTarget "iosSchool_HH" */ = {
			isa = XCConfigurationList;
			buildConfigurations = (
				3F2307502AE11A9100D9223D /* Debug */,
				3F2307512AE11A9100D9223D /* Release */,
			);
			defaultConfigurationIsVisible = 0;
			defaultConfigurationName = Release;
		};
/* End XCConfigurationList section */

/* Begin XCRemoteSwiftPackageReference section */
		3F096CC62B0F9245002892CA /* XCRemoteSwiftPackageReference "SPIndicator" */ = {
			isa = XCRemoteSwiftPackageReference;
			repositoryURL = "https://github.com/ivanvorobei/SPIndicator";
			requirement = {
				kind = upToNextMajorVersion;
				minimumVersion = 1.6.5;
			};
		};
		3F096CC92B0F9531002892CA /* XCRemoteSwiftPackageReference "PKHUD" */ = {
			isa = XCRemoteSwiftPackageReference;
			repositoryURL = "https://github.com/pkluz/PKHUD.git";
			requirement = {
				kind = upToNextMajorVersion;
				minimumVersion = 5.4.0;
			};
		};
		3F4916602B1E0160008022D4 /* XCRemoteSwiftPackageReference "KeychainAccess" */ = {
			isa = XCRemoteSwiftPackageReference;
			repositoryURL = "https://github.com/kishikawakatsumi/KeychainAccess";
			requirement = {
				branch = master;
				kind = branch;
			};
		};
/* End XCRemoteSwiftPackageReference section */

/* Begin XCSwiftPackageProductDependency section */
		3F096CC72B0F9245002892CA /* SPIndicator */ = {
			isa = XCSwiftPackageProductDependency;
			package = 3F096CC62B0F9245002892CA /* XCRemoteSwiftPackageReference "SPIndicator" */;
			productName = SPIndicator;
		};
		3F096CCA2B0F9531002892CA /* PKHUD */ = {
			isa = XCSwiftPackageProductDependency;
			package = 3F096CC92B0F9531002892CA /* XCRemoteSwiftPackageReference "PKHUD" */;
			productName = PKHUD;
		};
		3F4916612B1E0160008022D4 /* KeychainAccess */ = {
			isa = XCSwiftPackageProductDependency;
			package = 3F4916602B1E0160008022D4 /* XCRemoteSwiftPackageReference "KeychainAccess" */;
			productName = KeychainAccess;
		};
/* End XCSwiftPackageProductDependency section */
	};
	rootObject = 3F2307332AE11A8F00D9223D /* Project object */;
}
